// !$*UTF8*$!
{
	archiveVersion = 1;
	classes = {
	};
	objectVersion = 46;
	objects = {

/* Begin PBXBuildFile section */
		7641466719F53A450021284C /* AppDelegate.swift in Sources */ = {isa = PBXBuildFile; fileRef = 7641466619F53A450021284C /* AppDelegate.swift */; };
		7641466919F53A450021284C /* ViewController.swift in Sources */ = {isa = PBXBuildFile; fileRef = 7641466819F53A450021284C /* ViewController.swift */; };
		7641466C19F53A450021284C /* Main.storyboard in Resources */ = {isa = PBXBuildFile; fileRef = 7641466A19F53A450021284C /* Main.storyboard */; };
		7641466E19F53A450021284C /* Images.xcassets in Resources */ = {isa = PBXBuildFile; fileRef = 7641466D19F53A450021284C /* Images.xcassets */; };
		7641467A19F53A450021284C /* HelloWorldTests.swift in Sources */ = {isa = PBXBuildFile; fileRef = 7641467919F53A450021284C /* HelloWorldTests.swift */; };
		7641468419F548EC0021284C /* 2534064_103547004_2.jpg in Resources */ = {isa = PBXBuildFile; fileRef = 7641468319F548EC0021284C /* 2534064_103547004_2.jpg */; };
/* End PBXBuildFile section */

/* Begin PBXContainerItemProxy section */
		7641467419F53A450021284C /* PBXContainerItemProxy */ = {
			isa = PBXContainerItemProxy;
			containerPortal = 7641465919F53A440021284C /* Project object */;
			proxyType = 1;
			remoteGlobalIDString = 7641466019F53A450021284C;
			remoteInfo = HelloWorld;
		};
/* End PBXContainerItemProxy section */

/* Begin PBXFileReference section */
		7641466119F53A450021284C /* HelloWorld.app */ = {isa = PBXFileReference; explicitFileType = wrapper.application; includeInIndex = 0; path = HelloWorld.app; sourceTree = BUILT_PRODUCTS_DIR; };
		7641466519F53A450021284C /* Info.plist */ = {isa = PBXFileReference; lastKnownFileType = text.plist.xml; path = Info.plist; sourceTree = "<group>"; };
		7641466619F53A450021284C /* AppDelegate.swift */ = {isa = PBXFileReference; lastKnownFileType = sourcecode.swift; path = AppDelegate.swift; sourceTree = "<group>"; };
		7641466819F53A450021284C /* ViewController.swift */ = {isa = PBXFileReference; lastKnownFileType = sourcecode.swift; path = ViewController.swift; sourceTree = "<group>"; };
		7641466B19F53A450021284C /* Base */ = {isa = PBXFileReference; lastKnownFileType = file.storyboard; name = Base; path = Base.lproj/Main.storyboard; sourceTree = "<group>"; };
		7641466D19F53A450021284C /* Images.xcassets */ = {isa = PBXFileReference; lastKnownFileType = folder.assetcatalog; path = Images.xcassets; sourceTree = "<group>"; };
		7641467319F53A450021284C /* HelloWorldTests.xctest */ = {isa = PBXFileReference; explicitFileType = wrapper.cfbundle; includeInIndex = 0; path = HelloWorldTests.xctest; sourceTree = BUILT_PRODUCTS_DIR; };
		7641467819F53A450021284C /* Info.plist */ = {isa = PBXFileReference; lastKnownFileType = text.plist.xml; path = Info.plist; sourceTree = "<group>"; };
		7641467919F53A450021284C /* HelloWorldTests.swift */ = {isa = PBXFileReference; lastKnownFileType = sourcecode.swift; path = HelloWorldTests.swift; sourceTree = "<group>"; };
		7641468319F548EC0021284C /* 2534064_103547004_2.jpg */ = {isa = PBXFileReference; lastKnownFileType = image.jpeg; path = 2534064_103547004_2.jpg; sourceTree = "<group>"; };
/* End PBXFileReference section */

/* Begin PBXFrameworksBuildPhase section */
		7641465E19F53A450021284C /* Frameworks */ = {
			isa = PBXFrameworksBuildPhase;
			buildActionMask = 2147483647;
			files = (
			);
			runOnlyForDeploymentPostprocessing = 0;
		};
		7641467019F53A450021284C /* Frameworks */ = {
			isa = PBXFrameworksBuildPhase;
			buildActionMask = 2147483647;
			files = (
			);
			runOnlyForDeploymentPostprocessing = 0;
		};
/* End PBXFrameworksBuildPhase section */

/* Begin PBXGroup section */
		7641465819F53A440021284C = {
			isa = PBXGroup;
			children = (
				7641466319F53A450021284C /* HelloWorld */,
				7641467619F53A450021284C /* HelloWorldTests */,
				7641466219F53A450021284C /* Products */,
			);
			sourceTree = "<group>";
		};
		7641466219F53A450021284C /* Products */ = {
			isa = PBXGroup;
			children = (
				7641466119F53A450021284C /* HelloWorld.app */,
				7641467319F53A450021284C /* HelloWorldTests.xctest */,
			);
			name = Products;
			sourceTree = "<group>";
		};
		7641466319F53A450021284C /* HelloWorld */ = {
			isa = PBXGroup;
			children = (
				7641466619F53A450021284C /* AppDelegate.swift */,
				7641466819F53A450021284C /* ViewController.swift */,
				7641466A19F53A450021284C /* Main.storyboard */,
				7641466D19F53A450021284C /* Images.xcassets */,
				7641466419F53A450021284C /* Supporting Files */,
			);
			path = HelloWorld;
			sourceTree = "<group>";
		};
		7641466419F53A450021284C /* Supporting Files */ = {
			isa = PBXGroup;
			children = (
				7641468319F548EC0021284C /* 2534064_103547004_2.jpg */,
				7641466519F53A450021284C /* Info.plist */,
			);
			name = "Supporting Files";
			sourceTree = "<group>";
		};
		7641467619F53A450021284C /* HelloWorldTests */ = {
			isa = PBXGroup;
			children = (
				7641467919F53A450021284C /* HelloWorldTests.swift */,
				7641467719F53A450021284C /* Supporting Files */,
			);
			path = HelloWorldTests;
			sourceTree = "<group>";
		};
		7641467719F53A450021284C /* Supporting Files */ = {
			isa = PBXGroup;
			children = (
				7641467819F53A450021284C /* Info.plist */,
			);
			name = "Supporting Files";
			sourceTree = "<group>";
		};
/* End PBXGroup section */

/* Begin PBXNativeTarget section */
		7641466019F53A450021284C /* HelloWorld */ = {
			isa = PBXNativeTarget;
			buildConfigurationList = 7641467D19F53A450021284C /* Build configuration list for PBXNativeTarget "HelloWorld" */;
			buildPhases = (
				7641465D19F53A450021284C /* Sources */,
				7641465E19F53A450021284C /* Frameworks */,
				7641465F19F53A450021284C /* Resources */,
			);
			buildRules = (
			);
			dependencies = (
			);
			name = HelloWorld;
			productName = HelloWorld;
			productReference = 7641466119F53A450021284C /* HelloWorld.app */;
			productType = "com.apple.product-type.application";
		};
		7641467219F53A450021284C /* HelloWorldTests */ = {
			isa = PBXNativeTarget;
			buildConfigurationList = 7641468019F53A450021284C /* Build configuration list for PBXNativeTarget "HelloWorldTests" */;
			buildPhases = (
				7641466F19F53A450021284C /* Sources */,
				7641467019F53A450021284C /* Frameworks */,
				7641467119F53A450021284C /* Resources */,
			);
			buildRules = (
			);
			dependencies = (
				7641467519F53A450021284C /* PBXTargetDependency */,
			);
			name = HelloWorldTests;
			productName = HelloWorldTests;
			productReference = 7641467319F53A450021284C /* HelloWorldTests.xctest */;
			productType = "com.apple.product-type.bundle.unit-test";
		};
/* End PBXNativeTarget section */

/* Begin PBXProject section */
		7641465919F53A440021284C /* Project object */ = {
			isa = PBXProject;
			attributes = {
				LastUpgradeCheck = 0600;
				ORGANIZATIONNAME = NKO;
				TargetAttributes = {
					7641466019F53A450021284C = {
						CreatedOnToolsVersion = 6.0;
					};
					7641467219F53A450021284C = {
						CreatedOnToolsVersion = 6.0;
						TestTargetID = 7641466019F53A450021284C;
					};
				};
			};
			buildConfigurationList = 7641465C19F53A440021284C /* Build configuration list for PBXProject "HelloWorld" */;
			compatibilityVersion = "Xcode 3.2";
			developmentRegion = English;
			hasScannedForEncodings = 0;
			knownRegions = (
				en,
				Base,
			);
			mainGroup = 7641465819F53A440021284C;
			productRefGroup = 7641466219F53A450021284C /* Products */;
			projectDirPath = "";
			projectRoot = "";
			targets = (
				7641466019F53A450021284C /* HelloWorld */,
				7641467219F53A450021284C /* HelloWorldTests */,
			);
		};
/* End PBXProject section */

/* Begin PBXResourcesBuildPhase section */
		7641465F19F53A450021284C /* Resources */ = {
			isa = PBXResourcesBuildPhase;
			buildActionMask = 2147483647;
			files = (
				7641468419F548EC0021284C /* 2534064_103547004_2.jpg in Resources */,
				7641466C19F53A450021284C /* Main.storyboard in Resources */,
				7641466E19F53A450021284C /* Images.xcassets in Resources */,
			);
			runOnlyForDeploymentPostprocessing = 0;
		};
		7641467119F53A450021284C /* Resources */ = {
			isa = PBXResourcesBuildPhase;
			buildActionMask = 2147483647;
			files = (
			);
			runOnlyForDeploymentPostprocessing = 0;
		};
/* End PBXResourcesBuildPhase section */

/* Begin PBXSourcesBuildPhase section */
		7641465D19F53A450021284C /* Sources */ = {
			isa = PBXSourcesBuildPhase;
			buildActionMask = 2147483647;
			files = (
				7641466919F53A450021284C /* ViewController.swift in Sources */,
				7641466719F53A450021284C /* AppDelegate.swift in Sources */,
			);
			runOnlyForDeploymentPostprocessing = 0;
		};
		7641466F19F53A450021284C /* Sources */ = {
			isa = PBXSourcesBuildPhase;
			buildActionMask = 2147483647;
			files = (
				7641467A19F53A450021284C /* HelloWorldTests.swift in Sources */,
			);
			runOnlyForDeploymentPostprocessing = 0;
		};
/* End PBXSourcesBuildPhase section */

/* Begin PBXTargetDependency section */
		7641467519F53A450021284C /* PBXTargetDependency */ = {
			isa = PBXTargetDependency;
			target = 7641466019F53A450021284C /* HelloWorld */;
			targetProxy = 7641467419F53A450021284C /* PBXContainerItemProxy */;
		};
/* End PBXTargetDependency section */

/* Begin PBXVariantGroup section */
		7641466A19F53A450021284C /* Main.storyboard */ = {
			isa = PBXVariantGroup;
			children = (
				7641466B19F53A450021284C /* Base */,
			);
			name = Main.storyboard;
			sourceTree = "<group>";
		};
/* End PBXVariantGroup section */

/* Begin XCBuildConfiguration section */
		7641467B19F53A450021284C /* Debug */ = {
			isa = XCBuildConfiguration;
			buildSettings = {
				ALWAYS_SEARCH_USER_PATHS = NO;
				CLANG_CXX_LANGUAGE_STANDARD = "gnu++0x";
				CLANG_CXX_LIBRARY = "libc++";
				CLANG_ENABLE_MODULES = YES;
				CLANG_ENABLE_OBJC_ARC = YES;
				CLANG_WARN_BOOL_CONVERSION = YES;
				CLANG_WARN_CONSTANT_CONVERSION = YES;
				CLANG_WARN_DIRECT_OBJC_ISA_USAGE = YES_ERROR;
				CLANG_WARN_EMPTY_BODY = YES;
				CLANG_WARN_ENUM_CONVERSION = YES;
				CLANG_WARN_INT_CONVERSION = YES;
				CLANG_WARN_OBJC_ROOT_CLASS = YES_ERROR;
				CLANG_WARN_UNREACHABLE_CODE = YES;
				CLANG_WARN__DUPLICATE_METHOD_MATCH = YES;
				"CODE_SIGN_IDENTITY[sdk=iphoneos*]" = "iPhone Developer";
				COPY_PHASE_STRIP = NO;
				ENABLE_STRICT_OBJC_MSGSEND = YES;
				GCC_C_LANGUAGE_STANDARD = gnu99;
				GCC_DYNAMIC_NO_PIC = NO;
				GCC_OPTIMIZATION_LEVEL = 0;
				GCC_PREPROCESSOR_DEFINITIONS = (
					"DEBUG=1",
					"$(inherited)",
				);
				GCC_SYMBOLS_PRIVATE_EXTERN = NO;
				GCC_WARN_64_TO_32_BIT_CONVERSION = YES;
				GCC_WARN_ABOUT_RETURN_TYPE = YES_ERROR;
				GCC_WARN_UNDECLARED_SELECTOR = YES;
				GCC_WARN_UNINITIALIZED_AUTOS = YES_AGGRESSIVE;
				GCC_WARN_UNUSED_FUNCTION = YES;
				GCC_WARN_UNUSED_VARIABLE = YES;
				IPHONEOS_DEPLOYMENT_TARGET = 8.0;
				MTL_ENABLE_DEBUG_INFO = YES;
				ONLY_ACTIVE_ARCH = YES;
				SDKROOT = iphoneos;
				SWIFT_OPTIMIZATION_LEVEL = "-Onone";
			};
			name = Debug;
		};
		7641467C19F53A450021284C /* Release */ = {
			isa = XCBuildConfiguration;
			buildSettings = {
				ALWAYS_SEARCH_USER_PATHS = NO;
				CLANG_CXX_LANGUAGE_STANDARD = "gnu++0x";
				CLANG_CXX_LIBRARY = "libc++";
				CLANG_ENABLE_MODULES = YES;
				CLANG_ENABLE_OBJC_ARC = YES;
				CLANG_WARN_BOOL_CONVERSION = YES;
				CLANG_WARN_CONSTANT_CONVERSION = YES;
				CLANG_WARN_DIRECT_OBJC_ISA_USAGE = YES_ERROR;
				CLANG_WARN_EMPTY_BODY = YES;
				CLANG_WARN_ENUM_CONVERSION = YES;
				CLANG_WARN_INT_CONVERSION = YES;
				CLANG_WARN_OBJC_ROOT_CLASS = YES_ERROR;
				CLANG_WARN_UNREACHABLE_CODE = YES;
				CLANG_WARN__DUPLICATE_METHOD_MATCH = YES;
				"CODE_SIGN_IDENTITY[sdk=iphoneos*]" = "iPhone Developer";
				COPY_PHASE_STRIP = YES;
				ENABLE_NS_ASSERTIONS = NO;
				ENABLE_STRICT_OBJC_MSGSEND = YES;
				GCC_C_LANGUAGE_STANDARD = gnu99;
				GCC_WARN_64_TO_32_BIT_CONVERSION = YES;
				GCC_WARN_ABOUT_RETURN_TYPE = YES_ERROR;
				GCC_WARN_UNDECLARED_SELECTOR = YES;
				GCC_WARN_UNINITIALIZED_AUTOS = YES_AGGRESSIVE;
				GCC_WARN_UNUSED_FUNCTION = YES;
				GCC_WARN_UNUSED_VARIABLE = YES;
				IPHONEOS_DEPLOYMENT_TARGET = 8.0;
				MTL_ENABLE_DEBUG_INFO = NO;
				SDKROOT = iphoneos;
				VALIDATE_PRODUCT = YES;
			};
			name = Release;
		};
		7641467E19F53A450021284C /* Debug */ = {
			isa = XCBuildConfiguration;
			buildSettings = {
				ASSETCATALOG_COMPILER_APPICON_NAME = AppIcon;
				ASSETCATALOG_COMPILER_LAUNCHIMAGE_NAME = LaunchImage;
				INFOPLIST_FILE = HelloWorld/Info.plist;
				LD_RUNPATH_SEARCH_PATHS = "$(inherited) @executable_path/Frameworks";
				PRODUCT_NAME = "$(TARGET_NAME)";
			};
			name = Debug;
		};
		7641467F19F53A450021284C /* Release */ = {
			isa = XCBuildConfiguration;
			buildSettings = {
				ASSETCATALOG_COMPILER_APPICON_NAME = AppIcon;
				ASSETCATALOG_COMPILER_LAUNCHIMAGE_NAME = LaunchImage;
				INFOPLIST_FILE = HelloWorld/Info.plist;
				LD_RUNPATH_SEARCH_PATHS = "$(inherited) @executable_path/Frameworks";
				PRODUCT_NAME = "$(TARGET_NAME)";
			};
			name = Release;
		};
		7641468119F53A450021284C /* Debug */ = {
			isa = XCBuildConfiguration;
			buildSettings = {
				BUNDLE_LOADER = "$(BUILT_PRODUCTS_DIR)/HelloWorld.app/HelloWorld";
				FRAMEWORK_SEARCH_PATHS = (
					"$(SDKROOT)/Developer/Library/Frameworks",
					"$(inherited)",
				);
				GCC_PREPROCESSOR_DEFINITIONS = (
					"DEBUG=1",
					"$(inherited)",
				);
				INFOPLIST_FILE = HelloWorldTests/Info.plist;
				LD_RUNPATH_SEARCH_PATHS = "$(inherited) @executable_path/Frameworks @loader_path/Frameworks";
				PRODUCT_NAME = "$(TARGET_NAME)";
				TEST_HOST = "$(BUNDLE_LOADER)";
			};
			name = Debug;
		};
		7641468219F53A450021284C /* Release */ = {
			isa = XCBuildConfiguration;
			buildSettings = {
				BUNDLE_LOADER = "$(BUILT_PRODUCTS_DIR)/HelloWorld.app/HelloWorld";
				FRAMEWORK_SEARCH_PATHS = (
					"$(SDKROOT)/Developer/Library/Frameworks",
					"$(inherited)",
				);
				INFOPLIST_FILE = HelloWorldTests/Info.plist;
				LD_RUNPATH_SEARCH_PATHS = "$(inherited) @executable_path/Frameworks @loader_path/Frameworks";
				PRODUCT_NAME = "$(TARGET_NAME)";
				TEST_HOST = "$(BUNDLE_LOADER)";
			};
			name = Release;
		};
/* End XCBuildConfiguration section */

/* Begin XCConfigurationList section */
		7641465C19F53A440021284C /* Build configuration list for PBXProject "HelloWorld" */ = {
			isa = XCConfigurationList;
			buildConfigurations = (
				7641467B19F53A450021284C /* Debug */,
				7641467C19F53A450021284C /* Release */,
			);
			defaultConfigurationIsVisible = 0;
			defaultConfigurationName = Release;
		};
		7641467D19F53A450021284C /* Build configuration list for PBXNativeTarget "HelloWorld" */ = {
			isa = XCConfigurationList;
			buildConfigurations = (
				7641467E19F53A450021284C /* Debug */,
				7641467F19F53A450021284C /* Release */,
			);
			defaultConfigurationIsVisible = 0;
		};
		7641468019F53A450021284C /* Build configuration list for PBXNativeTarget "HelloWorldTests" */ = {
			isa = XCConfigurationList;
			buildConfigurations = (
				7641468119F53A450021284C /* Debug */,
				7641468219F53A450021284C /* Release */,
			);
			defaultConfigurationIsVisible = 0;
		};
/* End XCConfigurationList section */
	};
	rootObject = 7641465919F53A440021284C /* Project object */;
}
