// !$*UTF8*$!
{
	archiveVersion = 1;
	classes = {
	};
	objectVersion = 46;
	objects = {

/* Begin PBXBuildFile section */
		763E15131A0761A0006AB949 /* AppDelegate.swift in Sources */ = {isa = PBXBuildFile; fileRef = 763E15121A0761A0006AB949 /* AppDelegate.swift */; };
		763E15151A0761A0006AB949 /* ViewController.swift in Sources */ = {isa = PBXBuildFile; fileRef = 763E15141A0761A0006AB949 /* ViewController.swift */; };
		763E15181A0761A0006AB949 /* Main.storyboard in Resources */ = {isa = PBXBuildFile; fileRef = 763E15161A0761A0006AB949 /* Main.storyboard */; };
		763E151A1A0761A0006AB949 /* Images.xcassets in Resources */ = {isa = PBXBuildFile; fileRef = 763E15191A0761A0006AB949 /* Images.xcassets */; };
		763E151D1A0761A0006AB949 /* LaunchScreen.xib in Resources */ = {isa = PBXBuildFile; fileRef = 763E151B1A0761A0006AB949 /* LaunchScreen.xib */; };
		763E15291A0761A0006AB949 /* BeginnigSwift_FoodPinTests.swift in Sources */ = {isa = PBXBuildFile; fileRef = 763E15281A0761A0006AB949 /* BeginnigSwift_FoodPinTests.swift */; };
/* End PBXBuildFile section */

/* Begin PBXContainerItemProxy section */
		763E15231A0761A0006AB949 /* PBXContainerItemProxy */ = {
			isa = PBXContainerItemProxy;
			containerPortal = 763E15051A0761A0006AB949 /* Project object */;
			proxyType = 1;
			remoteGlobalIDString = 763E150C1A0761A0006AB949;
			remoteInfo = BeginnigSwift_FoodPin;
		};
/* End PBXContainerItemProxy section */

/* Begin PBXFileReference section */
		763E150D1A0761A0006AB949 /* BeginnigSwift_FoodPin.app */ = {isa = PBXFileReference; explicitFileType = wrapper.application; includeInIndex = 0; path = BeginnigSwift_FoodPin.app; sourceTree = BUILT_PRODUCTS_DIR; };
		763E15111A0761A0006AB949 /* Info.plist */ = {isa = PBXFileReference; lastKnownFileType = text.plist.xml; path = Info.plist; sourceTree = "<group>"; };
		763E15121A0761A0006AB949 /* AppDelegate.swift */ = {isa = PBXFileReference; lastKnownFileType = sourcecode.swift; path = AppDelegate.swift; sourceTree = "<group>"; };
		763E15141A0761A0006AB949 /* ViewController.swift */ = {isa = PBXFileReference; lastKnownFileType = sourcecode.swift; path = ViewController.swift; sourceTree = "<group>"; };
		763E15171A0761A0006AB949 /* Base */ = {isa = PBXFileReference; lastKnownFileType = file.storyboard; name = Base; path = Base.lproj/Main.storyboard; sourceTree = "<group>"; };
		763E15191A0761A0006AB949 /* Images.xcassets */ = {isa = PBXFileReference; lastKnownFileType = folder.assetcatalog; path = Images.xcassets; sourceTree = "<group>"; };
		763E151C1A0761A0006AB949 /* Base */ = {isa = PBXFileReference; lastKnownFileType = file.xib; name = Base; path = Base.lproj/LaunchScreen.xib; sourceTree = "<group>"; };
		763E15221A0761A0006AB949 /* BeginnigSwift_FoodPinTests.xctest */ = {isa = PBXFileReference; explicitFileType = wrapper.cfbundle; includeInIndex = 0; path = BeginnigSwift_FoodPinTests.xctest; sourceTree = BUILT_PRODUCTS_DIR; };
		763E15271A0761A0006AB949 /* Info.plist */ = {isa = PBXFileReference; lastKnownFileType = text.plist.xml; path = Info.plist; sourceTree = "<group>"; };
		763E15281A0761A0006AB949 /* BeginnigSwift_FoodPinTests.swift */ = {isa = PBXFileReference; lastKnownFileType = sourcecode.swift; path = BeginnigSwift_FoodPinTests.swift; sourceTree = "<group>"; };
/* End PBXFileReference section */

/* Begin PBXFrameworksBuildPhase section */
		763E150A1A0761A0006AB949 /* Frameworks */ = {
			isa = PBXFrameworksBuildPhase;
			buildActionMask = 2147483647;
			files = (
			);
			runOnlyForDeploymentPostprocessing = 0;
		};
		763E151F1A0761A0006AB949 /* Frameworks */ = {
			isa = PBXFrameworksBuildPhase;
			buildActionMask = 2147483647;
			files = (
			);
			runOnlyForDeploymentPostprocessing = 0;
		};
/* End PBXFrameworksBuildPhase section */

/* Begin PBXGroup section */
		763E15041A0761A0006AB949 = {
			isa = PBXGroup;
			children = (
				763E150F1A0761A0006AB949 /* BeginnigSwift_FoodPin */,
				763E15251A0761A0006AB949 /* BeginnigSwift_FoodPinTests */,
				763E150E1A0761A0006AB949 /* Products */,
			);
			sourceTree = "<group>";
		};
		763E150E1A0761A0006AB949 /* Products */ = {
			isa = PBXGroup;
			children = (
				763E150D1A0761A0006AB949 /* BeginnigSwift_FoodPin.app */,
				763E15221A0761A0006AB949 /* BeginnigSwift_FoodPinTests.xctest */,
			);
			name = Products;
			sourceTree = "<group>";
		};
		763E150F1A0761A0006AB949 /* BeginnigSwift_FoodPin */ = {
			isa = PBXGroup;
			children = (
				763E15121A0761A0006AB949 /* AppDelegate.swift */,
				763E15141A0761A0006AB949 /* ViewController.swift */,
				763E15161A0761A0006AB949 /* Main.storyboard */,
				763E15191A0761A0006AB949 /* Images.xcassets */,
				763E151B1A0761A0006AB949 /* LaunchScreen.xib */,
				763E15101A0761A0006AB949 /* Supporting Files */,
			);
			path = BeginnigSwift_FoodPin;
			sourceTree = "<group>";
		};
		763E15101A0761A0006AB949 /* Supporting Files */ = {
			isa = PBXGroup;
			children = (
				763E15111A0761A0006AB949 /* Info.plist */,
			);
			name = "Supporting Files";
			sourceTree = "<group>";
		};
		763E15251A0761A0006AB949 /* BeginnigSwift_FoodPinTests */ = {
			isa = PBXGroup;
			children = (
				763E15281A0761A0006AB949 /* BeginnigSwift_FoodPinTests.swift */,
				763E15261A0761A0006AB949 /* Supporting Files */,
			);
			path = BeginnigSwift_FoodPinTests;
			sourceTree = "<group>";
		};
		763E15261A0761A0006AB949 /* Supporting Files */ = {
			isa = PBXGroup;
			children = (
				763E15271A0761A0006AB949 /* Info.plist */,
			);
			name = "Supporting Files";
			sourceTree = "<group>";
		};
/* End PBXGroup section */

/* Begin PBXNativeTarget section */
		763E150C1A0761A0006AB949 /* BeginnigSwift_FoodPin */ = {
			isa = PBXNativeTarget;
			buildConfigurationList = 763E152C1A0761A0006AB949 /* Build configuration list for PBXNativeTarget "BeginnigSwift_FoodPin" */;
			buildPhases = (
				763E15091A0761A0006AB949 /* Sources */,
				763E150A1A0761A0006AB949 /* Frameworks */,
				763E150B1A0761A0006AB949 /* Resources */,
			);
			buildRules = (
			);
			dependencies = (
			);
			name = BeginnigSwift_FoodPin;
			productName = BeginnigSwift_FoodPin;
			productReference = 763E150D1A0761A0006AB949 /* BeginnigSwift_FoodPin.app */;
			productType = "com.apple.product-type.application";
		};
		763E15211A0761A0006AB949 /* BeginnigSwift_FoodPinTests */ = {
			isa = PBXNativeTarget;
			buildConfigurationList = 763E152F1A0761A0006AB949 /* Build configuration list for PBXNativeTarget "BeginnigSwift_FoodPinTests" */;
			buildPhases = (
				763E151E1A0761A0006AB949 /* Sources */,
				763E151F1A0761A0006AB949 /* Frameworks */,
				763E15201A0761A0006AB949 /* Resources */,
			);
			buildRules = (
			);
			dependencies = (
				763E15241A0761A0006AB949 /* PBXTargetDependency */,
			);
			name = BeginnigSwift_FoodPinTests;
			productName = BeginnigSwift_FoodPinTests;
			productReference = 763E15221A0761A0006AB949 /* BeginnigSwift_FoodPinTests.xctest */;
			productType = "com.apple.product-type.bundle.unit-test";
		};
/* End PBXNativeTarget section */

/* Begin PBXProject section */
		763E15051A0761A0006AB949 /* Project object */ = {
			isa = PBXProject;
			attributes = {
				LastUpgradeCheck = 0610;
				ORGANIZATIONNAME = NKO;
				TargetAttributes = {
					763E150C1A0761A0006AB949 = {
						CreatedOnToolsVersion = 6.1;
					};
					763E15211A0761A0006AB949 = {
						CreatedOnToolsVersion = 6.1;
						TestTargetID = 763E150C1A0761A0006AB949;
					};
				};
			};
			buildConfigurationList = 763E15081A0761A0006AB949 /* Build configuration list for PBXProject "BeginnigSwift_FoodPin" */;
			compatibilityVersion = "Xcode 3.2";
			developmentRegion = English;
			hasScannedForEncodings = 0;
			knownRegions = (
				en,
				Base,
			);
			mainGroup = 763E15041A0761A0006AB949;
			productRefGroup = 763E150E1A0761A0006AB949 /* Products */;
			projectDirPath = "";
			projectRoot = "";
			targets = (
				763E150C1A0761A0006AB949 /* BeginnigSwift_FoodPin */,
				763E15211A0761A0006AB949 /* BeginnigSwift_FoodPinTests */,
			);
		};
/* End PBXProject section */

/* Begin PBXResourcesBuildPhase section */
		763E150B1A0761A0006AB949 /* Resources */ = {
			isa = PBXResourcesBuildPhase;
			buildActionMask = 2147483647;
			files = (
				763E15181A0761A0006AB949 /* Main.storyboard in Resources */,
				763E151D1A0761A0006AB949 /* LaunchScreen.xib in Resources */,
				763E151A1A0761A0006AB949 /* Images.xcassets in Resources */,
			);
			runOnlyForDeploymentPostprocessing = 0;
		};
		763E15201A0761A0006AB949 /* Resources */ = {
			isa = PBXResourcesBuildPhase;
			buildActionMask = 2147483647;
			files = (
			);
			runOnlyForDeploymentPostprocessing = 0;
		};
/* End PBXResourcesBuildPhase section */

/* Begin PBXSourcesBuildPhase section */
		763E15091A0761A0006AB949 /* Sources */ = {
			isa = PBXSourcesBuildPhase;
			buildActionMask = 2147483647;
			files = (
				763E15151A0761A0006AB949 /* ViewController.swift in Sources */,
				763E15131A0761A0006AB949 /* AppDelegate.swift in Sources */,
			);
			runOnlyForDeploymentPostprocessing = 0;
		};
		763E151E1A0761A0006AB949 /* Sources */ = {
			isa = PBXSourcesBuildPhase;
			buildActionMask = 2147483647;
			files = (
				763E15291A0761A0006AB949 /* BeginnigSwift_FoodPinTests.swift in Sources */,
			);
			runOnlyForDeploymentPostprocessing = 0;
		};
/* End PBXSourcesBuildPhase section */

/* Begin PBXTargetDependency section */
		763E15241A0761A0006AB949 /* PBXTargetDependency */ = {
			isa = PBXTargetDependency;
			target = 763E150C1A0761A0006AB949 /* BeginnigSwift_FoodPin */;
			targetProxy = 763E15231A0761A0006AB949 /* PBXContainerItemProxy */;
		};
/* End PBXTargetDependency section */

/* Begin PBXVariantGroup section */
		763E15161A0761A0006AB949 /* Main.storyboard */ = {
			isa = PBXVariantGroup;
			children = (
				763E15171A0761A0006AB949 /* Base */,
			);
			name = Main.storyboard;
			sourceTree = "<group>";
		};
		763E151B1A0761A0006AB949 /* LaunchScreen.xib */ = {
			isa = PBXVariantGroup;
			children = (
				763E151C1A0761A0006AB949 /* Base */,
			);
			name = LaunchScreen.xib;
			sourceTree = "<group>";
		};
/* End PBXVariantGroup section */

/* Begin XCBuildConfiguration section */
		763E152A1A0761A0006AB949 /* Debug */ = {
			isa = XCBuildConfiguration;
			buildSettings = {
				ALWAYS_SEARCH_USER_PATHS = NO;
				CLANG_CXX_LANGUAGE_STANDARD = "gnu++0x";
				CLANG_CXX_LIBRARY = "libc++";
				CLANG_ENABLE_MODULES = YES;
				CLANG_ENABLE_OBJC_ARC = YES;
				CLANG_WARN_BOOL_CONVERSION = YES;
				CLANG_WARN_CONSTANT_CONVERSION = YES;
				CLANG_WARN_DIRECT_OBJC_ISA_USAGE = YES_ERROR;
				CLANG_WARN_EMPTY_BODY = YES;
				CLANG_WARN_ENUM_CONVERSION = YES;
				CLANG_WARN_INT_CONVERSION = YES;
				CLANG_WARN_OBJC_ROOT_CLASS = YES_ERROR;
				CLANG_WARN_UNREACHABLE_CODE = YES;
				CLANG_WARN__DUPLICATE_METHOD_MATCH = YES;
				"CODE_SIGN_IDENTITY[sdk=iphoneos*]" = "iPhone Developer";
				COPY_PHASE_STRIP = NO;
				ENABLE_STRICT_OBJC_MSGSEND = YES;
				GCC_C_LANGUAGE_STANDARD = gnu99;
				GCC_DYNAMIC_NO_PIC = NO;
				GCC_OPTIMIZATION_LEVEL = 0;
				GCC_PREPROCESSOR_DEFINITIONS = (
					"DEBUG=1",
					"$(inherited)",
				);
				GCC_SYMBOLS_PRIVATE_EXTERN = NO;
				GCC_WARN_64_TO_32_BIT_CONVERSION = YES;
				GCC_WARN_ABOUT_RETURN_TYPE = YES_ERROR;
				GCC_WARN_UNDECLARED_SELECTOR = YES;
				GCC_WARN_UNINITIALIZED_AUTOS = YES_AGGRESSIVE;
				GCC_WARN_UNUSED_FUNCTION = YES;
				GCC_WARN_UNUSED_VARIABLE = YES;
				IPHONEOS_DEPLOYMENT_TARGET = 8.1;
				MTL_ENABLE_DEBUG_INFO = YES;
				ONLY_ACTIVE_ARCH = YES;
				SDKROOT = iphoneos;
				SWIFT_OPTIMIZATION_LEVEL = "-Onone";
			};
			name = Debug;
		};
		763E152B1A0761A0006AB949 /* Release */ = {
			isa = XCBuildConfiguration;
			buildSettings = {
				ALWAYS_SEARCH_USER_PATHS = NO;
				CLANG_CXX_LANGUAGE_STANDARD = "gnu++0x";
				CLANG_CXX_LIBRARY = "libc++";
				CLANG_ENABLE_MODULES = YES;
				CLANG_ENABLE_OBJC_ARC = YES;
				CLANG_WARN_BOOL_CONVERSION = YES;
				CLANG_WARN_CONSTANT_CONVERSION = YES;
				CLANG_WARN_DIRECT_OBJC_ISA_USAGE = YES_ERROR;
				CLANG_WARN_EMPTY_BODY = YES;
				CLANG_WARN_ENUM_CONVERSION = YES;
				CLANG_WARN_INT_CONVERSION = YES;
				CLANG_WARN_OBJC_ROOT_CLASS = YES_ERROR;
				CLANG_WARN_UNREACHABLE_CODE = YES;
				CLANG_WARN__DUPLICATE_METHOD_MATCH = YES;
				"CODE_SIGN_IDENTITY[sdk=iphoneos*]" = "iPhone Developer";
				COPY_PHASE_STRIP = YES;
				ENABLE_NS_ASSERTIONS = NO;
				ENABLE_STRICT_OBJC_MSGSEND = YES;
				GCC_C_LANGUAGE_STANDARD = gnu99;
				GCC_WARN_64_TO_32_BIT_CONVERSION = YES;
				GCC_WARN_ABOUT_RETURN_TYPE = YES_ERROR;
				GCC_WARN_UNDECLARED_SELECTOR = YES;
				GCC_WARN_UNINITIALIZED_AUTOS = YES_AGGRESSIVE;
				GCC_WARN_UNUSED_FUNCTION = YES;
				GCC_WARN_UNUSED_VARIABLE = YES;
				IPHONEOS_DEPLOYMENT_TARGET = 8.1;
				MTL_ENABLE_DEBUG_INFO = NO;
				SDKROOT = iphoneos;
				VALIDATE_PRODUCT = YES;
			};
			name = Release;
		};
		763E152D1A0761A0006AB949 /* Debug */ = {
			isa = XCBuildConfiguration;
			buildSettings = {
				ASSETCATALOG_COMPILER_APPICON_NAME = AppIcon;
				INFOPLIST_FILE = BeginnigSwift_FoodPin/Info.plist;
				LD_RUNPATH_SEARCH_PATHS = "$(inherited) @executable_path/Frameworks";
				PRODUCT_NAME = "$(TARGET_NAME)";
			};
			name = Debug;
		};
		763E152E1A0761A0006AB949 /* Release */ = {
			isa = XCBuildConfiguration;
			buildSettings = {
				ASSETCATALOG_COMPILER_APPICON_NAME = AppIcon;
				INFOPLIST_FILE = BeginnigSwift_FoodPin/Info.plist;
				LD_RUNPATH_SEARCH_PATHS = "$(inherited) @executable_path/Frameworks";
				PRODUCT_NAME = "$(TARGET_NAME)";
			};
			name = Release;
		};
		763E15301A0761A0006AB949 /* Debug */ = {
			isa = XCBuildConfiguration;
			buildSettings = {
				BUNDLE_LOADER = "$(TEST_HOST)";
				FRAMEWORK_SEARCH_PATHS = (
					"$(SDKROOT)/Developer/Library/Frameworks",
					"$(inherited)",
				);
				GCC_PREPROCESSOR_DEFINITIONS = (
					"DEBUG=1",
					"$(inherited)",
				);
				INFOPLIST_FILE = BeginnigSwift_FoodPinTests/Info.plist;
				LD_RUNPATH_SEARCH_PATHS = "$(inherited) @executable_path/Frameworks @loader_path/Frameworks";
				PRODUCT_NAME = "$(TARGET_NAME)";
				TEST_HOST = "$(BUILT_PRODUCTS_DIR)/BeginnigSwift_FoodPin.app/BeginnigSwift_FoodPin";
			};
			name = Debug;
		};
		763E15311A0761A0006AB949 /* Release */ = {
			isa = XCBuildConfiguration;
			buildSettings = {
				BUNDLE_LOADER = "$(TEST_HOST)";
				FRAMEWORK_SEARCH_PATHS = (
					"$(SDKROOT)/Developer/Library/Frameworks",
					"$(inherited)",
				);
				INFOPLIST_FILE = BeginnigSwift_FoodPinTests/Info.plist;
				LD_RUNPATH_SEARCH_PATHS = "$(inherited) @executable_path/Frameworks @loader_path/Frameworks";
				PRODUCT_NAME = "$(TARGET_NAME)";
				TEST_HOST = "$(BUILT_PRODUCTS_DIR)/BeginnigSwift_FoodPin.app/BeginnigSwift_FoodPin";
			};
			name = Release;
		};
/* End XCBuildConfiguration section */

/* Begin XCConfigurationList section */
		763E15081A0761A0006AB949 /* Build configuration list for PBXProject "BeginnigSwift_FoodPin" */ = {
			isa = XCConfigurationList;
			buildConfigurations = (
				763E152A1A0761A0006AB949 /* Debug */,
				763E152B1A0761A0006AB949 /* Release */,
			);
			defaultConfigurationIsVisible = 0;
			defaultConfigurationName = Release;
		};
		763E152C1A0761A0006AB949 /* Build configuration list for PBXNativeTarget "BeginnigSwift_FoodPin" */ = {
			isa = XCConfigurationList;
			buildConfigurations = (
				763E152D1A0761A0006AB949 /* Debug */,
				763E152E1A0761A0006AB949 /* Release */,
			);
			defaultConfigurationIsVisible = 0;
		};
		763E152F1A0761A0006AB949 /* Build configuration list for PBXNativeTarget "BeginnigSwift_FoodPinTests" */ = {
			isa = XCConfigurationList;
			buildConfigurations = (
				763E15301A0761A0006AB949 /* Debug */,
				763E15311A0761A0006AB949 /* Release */,
			);
			defaultConfigurationIsVisible = 0;
		};
/* End XCConfigurationList section */
	};
	rootObject = 763E15051A0761A0006AB949 /* Project object */;
}
