// !$*UTF8*$!
{
	archiveVersion = 1;
	classes = {
	};
	objectVersion = 46;
	objects = {

/* Begin PBXBuildFile section */
		7600B5211A03A9F50081C48B /* AppDelegate.swift in Sources */ = {isa = PBXBuildFile; fileRef = 7600B5201A03A9F50081C48B /* AppDelegate.swift */; };
		7600B5231A03A9F50081C48B /* ViewController.swift in Sources */ = {isa = PBXBuildFile; fileRef = 7600B5221A03A9F50081C48B /* ViewController.swift */; };
		7600B5261A03A9F50081C48B /* Main.storyboard in Resources */ = {isa = PBXBuildFile; fileRef = 7600B5241A03A9F50081C48B /* Main.storyboard */; };
		7600B5281A03A9F50081C48B /* Images.xcassets in Resources */ = {isa = PBXBuildFile; fileRef = 7600B5271A03A9F50081C48B /* Images.xcassets */; };
		7600B5341A03A9F50081C48B /* MyTestPorjectTests.swift in Sources */ = {isa = PBXBuildFile; fileRef = 7600B5331A03A9F50081C48B /* MyTestPorjectTests.swift */; };
/* End PBXBuildFile section */

/* Begin PBXContainerItemProxy section */
		7600B52E1A03A9F50081C48B /* PBXContainerItemProxy */ = {
			isa = PBXContainerItemProxy;
			containerPortal = 7600B5131A03A9F50081C48B /* Project object */;
			proxyType = 1;
			remoteGlobalIDString = 7600B51A1A03A9F50081C48B;
			remoteInfo = MyTestPorject;
		};
/* End PBXContainerItemProxy section */

/* Begin PBXFileReference section */
		7600B51B1A03A9F50081C48B /* MyTestPorject.app */ = {isa = PBXFileReference; explicitFileType = wrapper.application; includeInIndex = 0; path = MyTestPorject.app; sourceTree = BUILT_PRODUCTS_DIR; };
		7600B51F1A03A9F50081C48B /* Info.plist */ = {isa = PBXFileReference; lastKnownFileType = text.plist.xml; path = Info.plist; sourceTree = "<group>"; };
		7600B5201A03A9F50081C48B /* AppDelegate.swift */ = {isa = PBXFileReference; lastKnownFileType = sourcecode.swift; path = AppDelegate.swift; sourceTree = "<group>"; };
		7600B5221A03A9F50081C48B /* ViewController.swift */ = {isa = PBXFileReference; lastKnownFileType = sourcecode.swift; path = ViewController.swift; sourceTree = "<group>"; };
		7600B5251A03A9F50081C48B /* Base */ = {isa = PBXFileReference; lastKnownFileType = file.storyboard; name = Base; path = Base.lproj/Main.storyboard; sourceTree = "<group>"; };
		7600B5271A03A9F50081C48B /* Images.xcassets */ = {isa = PBXFileReference; lastKnownFileType = folder.assetcatalog; path = Images.xcassets; sourceTree = "<group>"; };
		7600B52D1A03A9F50081C48B /* MyTestPorjectTests.xctest */ = {isa = PBXFileReference; explicitFileType = wrapper.cfbundle; includeInIndex = 0; path = MyTestPorjectTests.xctest; sourceTree = BUILT_PRODUCTS_DIR; };
		7600B5321A03A9F50081C48B /* Info.plist */ = {isa = PBXFileReference; lastKnownFileType = text.plist.xml; path = Info.plist; sourceTree = "<group>"; };
		7600B5331A03A9F50081C48B /* MyTestPorjectTests.swift */ = {isa = PBXFileReference; lastKnownFileType = sourcecode.swift; path = MyTestPorjectTests.swift; sourceTree = "<group>"; };
/* End PBXFileReference section */

/* Begin PBXFrameworksBuildPhase section */
		7600B5181A03A9F50081C48B /* Frameworks */ = {
			isa = PBXFrameworksBuildPhase;
			buildActionMask = 2147483647;
			files = (
			);
			runOnlyForDeploymentPostprocessing = 0;
		};
		7600B52A1A03A9F50081C48B /* Frameworks */ = {
			isa = PBXFrameworksBuildPhase;
			buildActionMask = 2147483647;
			files = (
			);
			runOnlyForDeploymentPostprocessing = 0;
		};
/* End PBXFrameworksBuildPhase section */

/* Begin PBXGroup section */
		7600B5121A03A9F50081C48B = {
			isa = PBXGroup;
			children = (
				7600B51D1A03A9F50081C48B /* MyTestPorject */,
				7600B5301A03A9F50081C48B /* MyTestPorjectTests */,
				7600B51C1A03A9F50081C48B /* Products */,
			);
			sourceTree = "<group>";
		};
		7600B51C1A03A9F50081C48B /* Products */ = {
			isa = PBXGroup;
			children = (
				7600B51B1A03A9F50081C48B /* MyTestPorject.app */,
				7600B52D1A03A9F50081C48B /* MyTestPorjectTests.xctest */,
			);
			name = Products;
			sourceTree = "<group>";
		};
		7600B51D1A03A9F50081C48B /* MyTestPorject */ = {
			isa = PBXGroup;
			children = (
				7600B5201A03A9F50081C48B /* AppDelegate.swift */,
				7600B5221A03A9F50081C48B /* ViewController.swift */,
				7600B5241A03A9F50081C48B /* Main.storyboard */,
				7600B5271A03A9F50081C48B /* Images.xcassets */,
				7600B51E1A03A9F50081C48B /* Supporting Files */,
			);
			path = MyTestPorject;
			sourceTree = "<group>";
		};
		7600B51E1A03A9F50081C48B /* Supporting Files */ = {
			isa = PBXGroup;
			children = (
				7600B51F1A03A9F50081C48B /* Info.plist */,
			);
			name = "Supporting Files";
			sourceTree = "<group>";
		};
		7600B5301A03A9F50081C48B /* MyTestPorjectTests */ = {
			isa = PBXGroup;
			children = (
				7600B5331A03A9F50081C48B /* MyTestPorjectTests.swift */,
				7600B5311A03A9F50081C48B /* Supporting Files */,
			);
			path = MyTestPorjectTests;
			sourceTree = "<group>";
		};
		7600B5311A03A9F50081C48B /* Supporting Files */ = {
			isa = PBXGroup;
			children = (
				7600B5321A03A9F50081C48B /* Info.plist */,
			);
			name = "Supporting Files";
			sourceTree = "<group>";
		};
/* End PBXGroup section */

/* Begin PBXNativeTarget section */
		7600B51A1A03A9F50081C48B /* MyTestPorject */ = {
			isa = PBXNativeTarget;
			buildConfigurationList = 7600B5371A03A9F50081C48B /* Build configuration list for PBXNativeTarget "MyTestPorject" */;
			buildPhases = (
				7600B5171A03A9F50081C48B /* Sources */,
				7600B5181A03A9F50081C48B /* Frameworks */,
				7600B5191A03A9F50081C48B /* Resources */,
			);
			buildRules = (
			);
			dependencies = (
			);
			name = MyTestPorject;
			productName = MyTestPorject;
			productReference = 7600B51B1A03A9F50081C48B /* MyTestPorject.app */;
			productType = "com.apple.product-type.application";
		};
		7600B52C1A03A9F50081C48B /* MyTestPorjectTests */ = {
			isa = PBXNativeTarget;
			buildConfigurationList = 7600B53A1A03A9F50081C48B /* Build configuration list for PBXNativeTarget "MyTestPorjectTests" */;
			buildPhases = (
				7600B5291A03A9F50081C48B /* Sources */,
				7600B52A1A03A9F50081C48B /* Frameworks */,
				7600B52B1A03A9F50081C48B /* Resources */,
			);
			buildRules = (
			);
			dependencies = (
				7600B52F1A03A9F50081C48B /* PBXTargetDependency */,
			);
			name = MyTestPorjectTests;
			productName = MyTestPorjectTests;
			productReference = 7600B52D1A03A9F50081C48B /* MyTestPorjectTests.xctest */;
			productType = "com.apple.product-type.bundle.unit-test";
		};
/* End PBXNativeTarget section */

/* Begin PBXProject section */
		7600B5131A03A9F50081C48B /* Project object */ = {
			isa = PBXProject;
			attributes = {
				LastUpgradeCheck = 0600;
				ORGANIZATIONNAME = NKO;
				TargetAttributes = {
					7600B51A1A03A9F50081C48B = {
						CreatedOnToolsVersion = 6.0;
					};
					7600B52C1A03A9F50081C48B = {
						CreatedOnToolsVersion = 6.0;
						TestTargetID = 7600B51A1A03A9F50081C48B;
					};
				};
			};
			buildConfigurationList = 7600B5161A03A9F50081C48B /* Build configuration list for PBXProject "MyTestPorject" */;
			compatibilityVersion = "Xcode 3.2";
			developmentRegion = English;
			hasScannedForEncodings = 0;
			knownRegions = (
				en,
				Base,
			);
			mainGroup = 7600B5121A03A9F50081C48B;
			productRefGroup = 7600B51C1A03A9F50081C48B /* Products */;
			projectDirPath = "";
			projectRoot = "";
			targets = (
				7600B51A1A03A9F50081C48B /* MyTestPorject */,
				7600B52C1A03A9F50081C48B /* MyTestPorjectTests */,
			);
		};
/* End PBXProject section */

/* Begin PBXResourcesBuildPhase section */
		7600B5191A03A9F50081C48B /* Resources */ = {
			isa = PBXResourcesBuildPhase;
			buildActionMask = 2147483647;
			files = (
				7600B5261A03A9F50081C48B /* Main.storyboard in Resources */,
				7600B5281A03A9F50081C48B /* Images.xcassets in Resources */,
			);
			runOnlyForDeploymentPostprocessing = 0;
		};
		7600B52B1A03A9F50081C48B /* Resources */ = {
			isa = PBXResourcesBuildPhase;
			buildActionMask = 2147483647;
			files = (
			);
			runOnlyForDeploymentPostprocessing = 0;
		};
/* End PBXResourcesBuildPhase section */

/* Begin PBXSourcesBuildPhase section */
		7600B5171A03A9F50081C48B /* Sources */ = {
			isa = PBXSourcesBuildPhase;
			buildActionMask = 2147483647;
			files = (
				7600B5231A03A9F50081C48B /* ViewController.swift in Sources */,
				7600B5211A03A9F50081C48B /* AppDelegate.swift in Sources */,
			);
			runOnlyForDeploymentPostprocessing = 0;
		};
		7600B5291A03A9F50081C48B /* Sources */ = {
			isa = PBXSourcesBuildPhase;
			buildActionMask = 2147483647;
			files = (
				7600B5341A03A9F50081C48B /* MyTestPorjectTests.swift in Sources */,
			);
			runOnlyForDeploymentPostprocessing = 0;
		};
/* End PBXSourcesBuildPhase section */

/* Begin PBXTargetDependency section */
		7600B52F1A03A9F50081C48B /* PBXTargetDependency */ = {
			isa = PBXTargetDependency;
			target = 7600B51A1A03A9F50081C48B /* MyTestPorject */;
			targetProxy = 7600B52E1A03A9F50081C48B /* PBXContainerItemProxy */;
		};
/* End PBXTargetDependency section */

/* Begin PBXVariantGroup section */
		7600B5241A03A9F50081C48B /* Main.storyboard */ = {
			isa = PBXVariantGroup;
			children = (
				7600B5251A03A9F50081C48B /* Base */,
			);
			name = Main.storyboard;
			sourceTree = "<group>";
		};
/* End PBXVariantGroup section */

/* Begin XCBuildConfiguration section */
		7600B5351A03A9F50081C48B /* Debug */ = {
			isa = XCBuildConfiguration;
			buildSettings = {
				ALWAYS_SEARCH_USER_PATHS = NO;
				CLANG_CXX_LANGUAGE_STANDARD = "gnu++0x";
				CLANG_CXX_LIBRARY = "libc++";
				CLANG_ENABLE_MODULES = YES;
				CLANG_ENABLE_OBJC_ARC = YES;
				CLANG_WARN_BOOL_CONVERSION = YES;
				CLANG_WARN_CONSTANT_CONVERSION = YES;
				CLANG_WARN_DIRECT_OBJC_ISA_USAGE = YES_ERROR;
				CLANG_WARN_EMPTY_BODY = YES;
				CLANG_WARN_ENUM_CONVERSION = YES;
				CLANG_WARN_INT_CONVERSION = YES;
				CLANG_WARN_OBJC_ROOT_CLASS = YES_ERROR;
				CLANG_WARN_UNREACHABLE_CODE = YES;
				CLANG_WARN__DUPLICATE_METHOD_MATCH = YES;
				"CODE_SIGN_IDENTITY[sdk=iphoneos*]" = "iPhone Developer";
				COPY_PHASE_STRIP = NO;
				ENABLE_STRICT_OBJC_MSGSEND = YES;
				GCC_C_LANGUAGE_STANDARD = gnu99;
				GCC_DYNAMIC_NO_PIC = NO;
				GCC_OPTIMIZATION_LEVEL = 0;
				GCC_PREPROCESSOR_DEFINITIONS = (
					"DEBUG=1",
					"$(inherited)",
				);
				GCC_SYMBOLS_PRIVATE_EXTERN = NO;
				GCC_WARN_64_TO_32_BIT_CONVERSION = YES;
				GCC_WARN_ABOUT_RETURN_TYPE = YES_ERROR;
				GCC_WARN_UNDECLARED_SELECTOR = YES;
				GCC_WARN_UNINITIALIZED_AUTOS = YES_AGGRESSIVE;
				GCC_WARN_UNUSED_FUNCTION = YES;
				GCC_WARN_UNUSED_VARIABLE = YES;
				IPHONEOS_DEPLOYMENT_TARGET = 8.0;
				MTL_ENABLE_DEBUG_INFO = YES;
				ONLY_ACTIVE_ARCH = YES;
				SDKROOT = iphoneos;
				SWIFT_OPTIMIZATION_LEVEL = "-Onone";
			};
			name = Debug;
		};
		7600B5361A03A9F50081C48B /* Release */ = {
			isa = XCBuildConfiguration;
			buildSettings = {
				ALWAYS_SEARCH_USER_PATHS = NO;
				CLANG_CXX_LANGUAGE_STANDARD = "gnu++0x";
				CLANG_CXX_LIBRARY = "libc++";
				CLANG_ENABLE_MODULES = YES;
				CLANG_ENABLE_OBJC_ARC = YES;
				CLANG_WARN_BOOL_CONVERSION = YES;
				CLANG_WARN_CONSTANT_CONVERSION = YES;
				CLANG_WARN_DIRECT_OBJC_ISA_USAGE = YES_ERROR;
				CLANG_WARN_EMPTY_BODY = YES;
				CLANG_WARN_ENUM_CONVERSION = YES;
				CLANG_WARN_INT_CONVERSION = YES;
				CLANG_WARN_OBJC_ROOT_CLASS = YES_ERROR;
				CLANG_WARN_UNREACHABLE_CODE = YES;
				CLANG_WARN__DUPLICATE_METHOD_MATCH = YES;
				"CODE_SIGN_IDENTITY[sdk=iphoneos*]" = "iPhone Developer";
				COPY_PHASE_STRIP = YES;
				ENABLE_NS_ASSERTIONS = NO;
				ENABLE_STRICT_OBJC_MSGSEND = YES;
				GCC_C_LANGUAGE_STANDARD = gnu99;
				GCC_WARN_64_TO_32_BIT_CONVERSION = YES;
				GCC_WARN_ABOUT_RETURN_TYPE = YES_ERROR;
				GCC_WARN_UNDECLARED_SELECTOR = YES;
				GCC_WARN_UNINITIALIZED_AUTOS = YES_AGGRESSIVE;
				GCC_WARN_UNUSED_FUNCTION = YES;
				GCC_WARN_UNUSED_VARIABLE = YES;
				IPHONEOS_DEPLOYMENT_TARGET = 8.0;
				MTL_ENABLE_DEBUG_INFO = NO;
				SDKROOT = iphoneos;
				VALIDATE_PRODUCT = YES;
			};
			name = Release;
		};
		7600B5381A03A9F50081C48B /* Debug */ = {
			isa = XCBuildConfiguration;
			buildSettings = {
				ASSETCATALOG_COMPILER_APPICON_NAME = AppIcon;
				ASSETCATALOG_COMPILER_LAUNCHIMAGE_NAME = LaunchImage;
				INFOPLIST_FILE = MyTestPorject/Info.plist;
				LD_RUNPATH_SEARCH_PATHS = "$(inherited) @executable_path/Frameworks";
				PRODUCT_NAME = "$(TARGET_NAME)";
			};
			name = Debug;
		};
		7600B5391A03A9F50081C48B /* Release */ = {
			isa = XCBuildConfiguration;
			buildSettings = {
				ASSETCATALOG_COMPILER_APPICON_NAME = AppIcon;
				ASSETCATALOG_COMPILER_LAUNCHIMAGE_NAME = LaunchImage;
				INFOPLIST_FILE = MyTestPorject/Info.plist;
				LD_RUNPATH_SEARCH_PATHS = "$(inherited) @executable_path/Frameworks";
				PRODUCT_NAME = "$(TARGET_NAME)";
			};
			name = Release;
		};
		7600B53B1A03A9F50081C48B /* Debug */ = {
			isa = XCBuildConfiguration;
			buildSettings = {
				BUNDLE_LOADER = "$(BUILT_PRODUCTS_DIR)/MyTestPorject.app/MyTestPorject";
				FRAMEWORK_SEARCH_PATHS = (
					"$(SDKROOT)/Developer/Library/Frameworks",
					"$(inherited)",
				);
				GCC_PREPROCESSOR_DEFINITIONS = (
					"DEBUG=1",
					"$(inherited)",
				);
				INFOPLIST_FILE = MyTestPorjectTests/Info.plist;
				LD_RUNPATH_SEARCH_PATHS = "$(inherited) @executable_path/Frameworks @loader_path/Frameworks";
				PRODUCT_NAME = "$(TARGET_NAME)";
				TEST_HOST = "$(BUNDLE_LOADER)";
			};
			name = Debug;
		};
		7600B53C1A03A9F50081C48B /* Release */ = {
			isa = XCBuildConfiguration;
			buildSettings = {
				BUNDLE_LOADER = "$(BUILT_PRODUCTS_DIR)/MyTestPorject.app/MyTestPorject";
				FRAMEWORK_SEARCH_PATHS = (
					"$(SDKROOT)/Developer/Library/Frameworks",
					"$(inherited)",
				);
				INFOPLIST_FILE = MyTestPorjectTests/Info.plist;
				LD_RUNPATH_SEARCH_PATHS = "$(inherited) @executable_path/Frameworks @loader_path/Frameworks";
				PRODUCT_NAME = "$(TARGET_NAME)";
				TEST_HOST = "$(BUNDLE_LOADER)";
			};
			name = Release;
		};
/* End XCBuildConfiguration section */

/* Begin XCConfigurationList section */
		7600B5161A03A9F50081C48B /* Build configuration list for PBXProject "MyTestPorject" */ = {
			isa = XCConfigurationList;
			buildConfigurations = (
				7600B5351A03A9F50081C48B /* Debug */,
				7600B5361A03A9F50081C48B /* Release */,
			);
			defaultConfigurationIsVisible = 0;
			defaultConfigurationName = Release;
		};
		7600B5371A03A9F50081C48B /* Build configuration list for PBXNativeTarget "MyTestPorject" */ = {
			isa = XCConfigurationList;
			buildConfigurations = (
				7600B5381A03A9F50081C48B /* Debug */,
				7600B5391A03A9F50081C48B /* Release */,
			);
			defaultConfigurationIsVisible = 0;
		};
		7600B53A1A03A9F50081C48B /* Build configuration list for PBXNativeTarget "MyTestPorjectTests" */ = {
			isa = XCConfigurationList;
			buildConfigurations = (
				7600B53B1A03A9F50081C48B /* Debug */,
				7600B53C1A03A9F50081C48B /* Release */,
			);
			defaultConfigurationIsVisible = 0;
		};
/* End XCConfigurationList section */
	};
	rootObject = 7600B5131A03A9F50081C48B /* Project object */;
}
